{
  "name": "yabai-spaces-server",
  "version": "1.0.0",
  "lockfileVersion": 2,
  "requires": true,
  "packages": {
    "": {
      "name": "yabai-spaces-server",
      "version": "1.0.0",
      "license": "ISC",
      "dependencies": {
        "fs-extra": "^10.1.0",
        "watchr": "^6.11.0",
        "ws": "^8.9.0"
      }
    },
    "node_modules/ambi": {
      "version": "3.2.0",
      "resolved": "https://registry.npmjs.org/ambi/-/ambi-3.2.0.tgz",
      "integrity": "sha512-nj5sHLPFd7u2OLmHdFs4DHt3gK6edpNw35hTRIKyI/Vd2Th5e4io50rw1lhmCdUNO2Mm4/4FkHmv6shEANAWcw==",
      "dependencies": {
        "editions": "^2.1.0",
        "typechecker": "^4.3.0"
      },
      "engines": {
        "node": ">=0.8"
      }
    },
    "node_modules/ambi/node_modules/typechecker": {
      "version": "4.11.0",
      "resolved": "https://registry.npmjs.org/typechecker/-/typechecker-4.11.0.tgz",
      "integrity": "sha512-lz39Mc/d1UBcF/uQFL5P8L+oWdIn/stvkUgHf0tPRW4aEwGGErewNXo2Nb6We2WslWifn00rhcHbbRWRcTGhuw==",
      "dependencies": {
        "editions": "^2.2.0"
      },
      "engines": {
        "node": ">=0.8"
      },
      "funding": {
        "url": "https://bevry.me/fund"
      }
    },
    "node_modules/eachr": {
      "version": "4.5.0",
      "resolved": "https://registry.npmjs.org/eachr/-/eachr-4.5.0.tgz",
      "integrity": "sha512-9I664RWp6p8jvcHZIwo7bWaiSaUmA1wNSLKwNZEiaYjqiTARq3cGjyRiIunsopZv4QMmX3T5Hs17QoPAzdYxfg==",
      "dependencies": {
        "typechecker": "^6.2.0"
      },
      "engines": {
        "node": ">=8"
      },
      "funding": {
        "url": "https://bevry.me/fund"
      }
    },
    "node_modules/editions": {
      "version": "2.3.1",
      "resolved": "https://registry.npmjs.org/editions/-/editions-2.3.1.tgz",
      "integrity": "sha512-ptGvkwTvGdGfC0hfhKg0MT+TRLRKGtUiWGBInxOm5pz7ssADezahjCUaYuZ8Dr+C05FW0AECIIPt4WBxVINEhA==",
      "dependencies": {
        "errlop": "^2.0.0",
        "semver": "^6.3.0"
      },
      "engines": {
        "node": ">=0.8"
      },
      "funding": {
        "url": "https://bevry.me/fund"
      }
    },
    "node_modules/errlop": {
      "version": "2.2.0",
      "resolved": "https://registry.npmjs.org/errlop/-/errlop-2.2.0.tgz",
      "integrity": "sha512-e64Qj9+4aZzjzzFpZC7p5kmm/ccCrbLhAJplhsDXQFs87XTsXwOpH4s1Io2s90Tau/8r2j9f4l/thhDevRjzxw==",
      "engines": {
        "node": ">=0.8"
      },
      "funding": {
        "url": "https://bevry.me/fund"
      }
    },
    "node_modules/extendr": {
      "version": "5.19.0",
      "resolved": "https://registry.npmjs.org/extendr/-/extendr-5.19.0.tgz",
      "integrity": "sha512-RDfK3UZaTWV02m5ndmqU0/Sn44aSy6Vsd0syD/ozjdX58ePubKJ8PxRrTHFIlXkScqU0rDGnu23KVBDKcaSOpQ==",
      "dependencies": {
        "typechecker": "^7.17.0"
      },
      "engines": {
        "node": ">=10"
      },
      "funding": {
        "url": "https://bevry.me/fund"
      }
    },
    "node_modules/extendr/node_modules/typechecker": {
      "version": "7.18.0",
      "resolved": "https://registry.npmjs.org/typechecker/-/typechecker-7.18.0.tgz",
      "integrity": "sha512-GjwqmuBuIQOvy0VsuMyjxur1hop/mLgKby61izt4UpT3Knm/7qzXAxpQHVhLK7bgmZjIj9GtIBmh1FMnyEDVBw==",
      "engines": {
        "node": ">=10"
      },
      "funding": {
        "url": "https://bevry.me/fund"
      }
    },
    "node_modules/fs-extra": {
      "version": "10.1.0",
      "resolved": "https://registry.npmjs.org/fs-extra/-/fs-extra-10.1.0.tgz",
      "integrity": "sha512-oRXApq54ETRj4eMiFzGnHWGy+zo5raudjuxN0b8H7s/RU2oW0Wvsx9O0ACRN/kRq9E8Vu/ReskGB5o3ji+FzHQ==",
      "dependencies": {
        "graceful-fs": "^4.2.0",
        "jsonfile": "^6.0.1",
        "universalify": "^2.0.0"
      },
      "engines": {
        "node": ">=12"
      }
    },
    "node_modules/graceful-fs": {
      "version": "4.2.10",
      "resolved": "https://registry.npmjs.org/graceful-fs/-/graceful-fs-4.2.10.tgz",
      "integrity": "sha512-9ByhssR2fPVsNZj478qUUbKfmL0+t5BDVyjShtyZZLiK7ZDAArFFfopyOTj0M05wE2tJPisA4iTnnXl2YoPvOA=="
    },
    "node_modules/ignorefs": {
      "version": "3.17.0",
      "resolved": "https://registry.npmjs.org/ignorefs/-/ignorefs-3.17.0.tgz",
      "integrity": "sha512-MgcvZEiUxKLwvhLOQssxbXhJICyKcRlbWuQ0LCQxQK0uPyk8W38uCWNtLfeoPEzUw3eA8aq0YrV8SKHC8sGtSQ==",
      "dependencies": {
        "ignorepatterns": "^4.16.0"
      },
      "engines": {
        "node": ">=10"
      },
      "funding": {
        "url": "https://bevry.me/fund"
      }
    },
    "node_modules/ignorepatterns": {
      "version": "4.17.0",
      "resolved": "https://registry.npmjs.org/ignorepatterns/-/ignorepatterns-4.17.0.tgz",
      "integrity": "sha512-lOIOoM6ZBVvH6oUVITyWPe3Jj7j/hgBc3vThN+w0cjrX9PmxWY3Vj1d54+qMy3efAJKckfHfeszRypRScUTjPw==",
      "engines": {
        "node": ">=10"
      },
      "funding": {
        "url": "https://bevry.me/fund"
      }
    },
    "node_modules/jsonfile": {
      "version": "6.1.0",
      "resolved": "https://registry.npmjs.org/jsonfile/-/jsonfile-6.1.0.tgz",
      "integrity": "sha512-5dgndWOriYSm5cnYaJNhalLNDKOqFwyDB/rr1E9ZsGciGvKPs8R2xYGCacuf3z6K1YKDz182fd+fY3cn3pMqXQ==",
      "dependencies": {
        "universalify": "^2.0.0"
      },
      "optionalDependencies": {
        "graceful-fs": "^4.1.6"
      }
    },
    "node_modules/readdir-cluster": {
      "version": "3.17.0",
      "resolved": "https://registry.npmjs.org/readdir-cluster/-/readdir-cluster-3.17.0.tgz",
      "integrity": "sha512-h2gHgmqNcdedAyFjhr/WpK7mXVA50yIG6CSXmu+Gr09CIZFRPuer5ZyVvABVjbgEy+ZuyItnyIAoSPbWPxAqaQ==",
      "engines": {
        "node": ">=10"
      },
      "funding": {
        "url": "https://bevry.me/fund"
      }
    },
    "node_modules/safefs": {
      "version": "6.16.0",
      "resolved": "https://registry.npmjs.org/safefs/-/safefs-6.16.0.tgz",
      "integrity": "sha512-IUIN5h+r2acNVkbsM5VoBUsRnaSFwQFZnzyvQsiLlgFsncLi7rrtmM4FsEgwv+xDTJzsrp79rd+/GJu2zWcR9w==",
      "dependencies": {
        "graceful-fs": "^4.2.6"
      },
      "engines": {
        "node": ">=10"
      },
      "funding": {
        "url": "https://bevry.me/fund"
      }
    },
    "node_modules/scandirectory": {
      "version": "6.16.0",
      "resolved": "https://registry.npmjs.org/scandirectory/-/scandirectory-6.16.0.tgz",
      "integrity": "sha512-dhkab6gXRonb6qO6KBGwqpwBx54vfAd1LMf64O9wVu07sLr7vd+x/DYaEOK8q5cI1dWVlYULUoKFiWuX8M0QYg==",
      "dependencies": {
        "ignorefs": "^3.17.0",
        "readdir-cluster": "^3.17.0"
      },
      "engines": {
        "node": ">=10"
      },
      "funding": {
        "url": "https://bevry.me/fund"
      }
    },
    "node_modules/semver": {
      "version": "6.3.0",
      "resolved": "https://registry.npmjs.org/semver/-/semver-6.3.0.tgz",
      "integrity": "sha512-b39TBaTSfV6yBrapU89p5fKekE2m/NwnDocOVruQFS1/veMgdzuPcnOM34M6CwxW8jH/lxEa5rBoDeUwu5HHTw==",
      "bin": {
        "semver": "bin/semver.js"
      }
    },
    "node_modules/taskgroup": {
      "version": "7.19.0",
      "resolved": "https://registry.npmjs.org/taskgroup/-/taskgroup-7.19.0.tgz",
      "integrity": "sha512-SWwM8bGfOZF0rwP3Wna5T51vf6JZOK3eSnVBqo27DVVf8UJLih6arif24qiS8DspFbWt2cE9SgOEwIW3rgWQtA==",
      "dependencies": {
        "ambi": "3.2.0",
        "eachr": "^4.5.0",
        "extendr": "^5.19.0",
        "unbounded": "^3.14.0"
      },
      "engines": {
        "node": ">=10"
      },
      "funding": {
        "url": "https://bevry.me/fund"
      }
    },
    "node_modules/typechecker": {
      "version": "6.4.0",
      "resolved": "https://registry.npmjs.org/typechecker/-/typechecker-6.4.0.tgz",
      "integrity": "sha512-EbOu+9szY13mhl0EsvLXnR+pTCa3gTHQQPLdce72ujcC9fRHXlVFBNXtHeRhgzLxLlKUh4zA9C0tezLDgshf+A==",
      "engines": {
        "node": ">=8"
      },
      "funding": {
        "url": "https://bevry.me/fund"
      }
    },
    "node_modules/unbounded": {
      "version": "3.15.0",
      "resolved": "https://registry.npmjs.org/unbounded/-/unbounded-3.15.0.tgz",
      "integrity": "sha512-XqCeEuYLw2KNSUNyny+eUaJAKvhDc70gcRqyykLGWneD20Oj/olNp5nhfPzG2y74tmXGu240emTFj+Xndynhig==",
      "engines": {
        "node": ">=10"
      },
      "funding": {
        "url": "https://bevry.me/fund"
      }
    },
    "node_modules/universalify": {
      "version": "2.0.0",
      "resolved": "https://registry.npmjs.org/universalify/-/universalify-2.0.0.tgz",
      "integrity": "sha512-hAZsKq7Yy11Zu1DE0OzWjw7nnLZmJZYTDZZyEFHZdUhV8FkH5MCfoU1XMaxXovpyW5nq5scPqq0ZDP9Zyl04oQ==",
      "engines": {
        "node": ">= 10.0.0"
      }
    },
    "node_modules/watchr": {
      "version": "6.11.0",
      "resolved": "https://registry.npmjs.org/watchr/-/watchr-6.11.0.tgz",
      "integrity": "sha512-cOa2+BfmhpwlqHgDnTtIiraFOSSFMlnRLufGJItfTucZIKT80dV5/igo1GqDJ6a1IzM+/ghKtufvTMMmV2KCxQ==",
      "dependencies": {
        "eachr": "^4.5.0",
        "extendr": "^5.19.0",
        "ignorefs": "^3.17.0",
        "safefs": "^6.16.0",
        "scandirectory": "^6.16.0",
        "taskgroup": "^7.19.0"
      },
      "engines": {
        "node": ">=10"
      },
      "funding": {
        "url": "https://bevry.me/fund"
      }
    },
    "node_modules/ws": {
      "version": "8.9.0",
      "resolved": "https://registry.npmjs.org/ws/-/ws-8.9.0.tgz",
      "integrity": "sha512-Ja7nszREasGaYUYCI2k4lCKIRTt+y7XuqVoHR44YpI49TtryyqbqvDMn5eqfW7e6HzTukDRIsXqzVHScqRcafg==",
      "engines": {
        "node": ">=10.0.0"
      },
      "peerDependencies": {
        "bufferutil": "^4.0.1",
        "utf-8-validate": "^5.0.2"
      },
      "peerDependenciesMeta": {
        "bufferutil": {
          "optional": true
        },
        "utf-8-validate": {
          "optional": true
        }
      }
    }
  },
  "dependencies": {
    "ambi": {
      "version": "3.2.0",
      "resolved": "https://registry.npmjs.org/ambi/-/ambi-3.2.0.tgz",
      "integrity": "sha512-nj5sHLPFd7u2OLmHdFs4DHt3gK6edpNw35hTRIKyI/Vd2Th5e4io50rw1lhmCdUNO2Mm4/4FkHmv6shEANAWcw==",
      "requires": {
        "editions": "^2.1.0",
        "typechecker": "^4.3.0"
      },
      "dependencies": {
        "typechecker": {
          "version": "4.11.0",
          "resolved": "https://registry.npmjs.org/typechecker/-/typechecker-4.11.0.tgz",
          "integrity": "sha512-lz39Mc/d1UBcF/uQFL5P8L+oWdIn/stvkUgHf0tPRW4aEwGGErewNXo2Nb6We2WslWifn00rhcHbbRWRcTGhuw==",
          "requires": {
            "editions": "^2.2.0"
          }
        }
      }
    },
    "eachr": {
      "version": "4.5.0",
      "resolved": "https://registry.npmjs.org/eachr/-/eachr-4.5.0.tgz",
      "integrity": "sha512-9I664RWp6p8jvcHZIwo7bWaiSaUmA1wNSLKwNZEiaYjqiTARq3cGjyRiIunsopZv4QMmX3T5Hs17QoPAzdYxfg==",
      "requires": {
        "typechecker": "^6.2.0"
      }
    },
    "editions": {
      "version": "2.3.1",
      "resolved": "https://registry.npmjs.org/editions/-/editions-2.3.1.tgz",
      "integrity": "sha512-ptGvkwTvGdGfC0hfhKg0MT+TRLRKGtUiWGBInxOm5pz7ssADezahjCUaYuZ8Dr+C05FW0AECIIPt4WBxVINEhA==",
      "requires": {
        "errlop": "^2.0.0",
        "semver": "^6.3.0"
      }
    },
    "errlop": {
      "version": "2.2.0",
      "resolved": "https://registry.npmjs.org/errlop/-/errlop-2.2.0.tgz",
      "integrity": "sha512-e64Qj9+4aZzjzzFpZC7p5kmm/ccCrbLhAJplhsDXQFs87XTsXwOpH4s1Io2s90Tau/8r2j9f4l/thhDevRjzxw=="
    },
    "extendr": {
      "version": "5.19.0",
      "resolved": "https://registry.npmjs.org/extendr/-/extendr-5.19.0.tgz",
      "integrity": "sha512-RDfK3UZaTWV02m5ndmqU0/Sn44aSy6Vsd0syD/ozjdX58ePubKJ8PxRrTHFIlXkScqU0rDGnu23KVBDKcaSOpQ==",
      "requires": {
        "typechecker": "^7.17.0"
      },
      "dependencies": {
        "typechecker": {
          "version": "7.18.0",
          "resolved": "https://registry.npmjs.org/typechecker/-/typechecker-7.18.0.tgz",
          "integrity": "sha512-GjwqmuBuIQOvy0VsuMyjxur1hop/mLgKby61izt4UpT3Knm/7qzXAxpQHVhLK7bgmZjIj9GtIBmh1FMnyEDVBw=="
        }
      }
    },
    "fs-extra": {
      "version": "10.1.0",
      "resolved": "https://registry.npmjs.org/fs-extra/-/fs-extra-10.1.0.tgz",
      "integrity": "sha512-oRXApq54ETRj4eMiFzGnHWGy+zo5raudjuxN0b8H7s/RU2oW0Wvsx9O0ACRN/kRq9E8Vu/ReskGB5o3ji+FzHQ==",
      "requires": {
        "graceful-fs": "^4.2.0",
        "jsonfile": "^6.0.1",
        "universalify": "^2.0.0"
      }
    },
    "graceful-fs": {
      "version": "4.2.10",
      "resolved": "https://registry.npmjs.org/graceful-fs/-/graceful-fs-4.2.10.tgz",
      "integrity": "sha512-9ByhssR2fPVsNZj478qUUbKfmL0+t5BDVyjShtyZZLiK7ZDAArFFfopyOTj0M05wE2tJPisA4iTnnXl2YoPvOA=="
    },
    "ignorefs": {
      "version": "3.17.0",
      "resolved": "https://registry.npmjs.org/ignorefs/-/ignorefs-3.17.0.tgz",
      "integrity": "sha512-MgcvZEiUxKLwvhLOQssxbXhJICyKcRlbWuQ0LCQxQK0uPyk8W38uCWNtLfeoPEzUw3eA8aq0YrV8SKHC8sGtSQ==",
      "requires": {
        "ignorepatterns": "^4.16.0"
      }
    },
    "ignorepatterns": {
      "version": "4.17.0",
      "resolved": "https://registry.npmjs.org/ignorepatterns/-/ignorepatterns-4.17.0.tgz",
      "integrity": "sha512-lOIOoM6ZBVvH6oUVITyWPe3Jj7j/hgBc3vThN+w0cjrX9PmxWY3Vj1d54+qMy3efAJKckfHfeszRypRScUTjPw=="
    },
    "jsonfile": {
      "version": "6.1.0",
      "resolved": "https://registry.npmjs.org/jsonfile/-/jsonfile-6.1.0.tgz",
      "integrity": "sha512-5dgndWOriYSm5cnYaJNhalLNDKOqFwyDB/rr1E9ZsGciGvKPs8R2xYGCacuf3z6K1YKDz182fd+fY3cn3pMqXQ==",
      "requires": {
        "graceful-fs": "^4.1.6",
        "universalify": "^2.0.0"
      }
    },
    "readdir-cluster": {
      "version": "3.17.0",
      "resolved": "https://registry.npmjs.org/readdir-cluster/-/readdir-cluster-3.17.0.tgz",
      "integrity": "sha512-h2gHgmqNcdedAyFjhr/WpK7mXVA50yIG6CSXmu+Gr09CIZFRPuer5ZyVvABVjbgEy+ZuyItnyIAoSPbWPxAqaQ=="
    },
    "safefs": {
      "version": "6.16.0",
      "resolved": "https://registry.npmjs.org/safefs/-/safefs-6.16.0.tgz",
      "integrity": "sha512-IUIN5h+r2acNVkbsM5VoBUsRnaSFwQFZnzyvQsiLlgFsncLi7rrtmM4FsEgwv+xDTJzsrp79rd+/GJu2zWcR9w==",
      "requires": {
        "graceful-fs": "^4.2.6"
      }
    },
    "scandirectory": {
      "version": "6.16.0",
      "resolved": "https://registry.npmjs.org/scandirectory/-/scandirectory-6.16.0.tgz",
      "integrity": "sha512-dhkab6gXRonb6qO6KBGwqpwBx54vfAd1LMf64O9wVu07sLr7vd+x/DYaEOK8q5cI1dWVlYULUoKFiWuX8M0QYg==",
      "requires": {
        "ignorefs": "^3.17.0",
        "readdir-cluster": "^3.17.0"
      }
    },
    "semver": {
      "version": "6.3.0",
      "resolved": "https://registry.npmjs.org/semver/-/semver-6.3.0.tgz",
      "integrity": "sha512-b39TBaTSfV6yBrapU89p5fKekE2m/NwnDocOVruQFS1/veMgdzuPcnOM34M6CwxW8jH/lxEa5rBoDeUwu5HHTw=="
    },
    "taskgroup": {
      "version": "7.19.0",
      "resolved": "https://registry.npmjs.org/taskgroup/-/taskgroup-7.19.0.tgz",
      "integrity": "sha512-SWwM8bGfOZF0rwP3Wna5T51vf6JZOK3eSnVBqo27DVVf8UJLih6arif24qiS8DspFbWt2cE9SgOEwIW3rgWQtA==",
      "requires": {
        "ambi": "3.2.0",
        "eachr": "^4.5.0",
        "extendr": "^5.19.0",
        "unbounded": "^3.14.0"
      }
    },
    "typechecker": {
      "version": "6.4.0",
      "resolved": "https://registry.npmjs.org/typechecker/-/typechecker-6.4.0.tgz",
      "integrity": "sha512-EbOu+9szY13mhl0EsvLXnR+pTCa3gTHQQPLdce72ujcC9fRHXlVFBNXtHeRhgzLxLlKUh4zA9C0tezLDgshf+A=="
    },
    "unbounded": {
      "version": "3.15.0",
      "resolved": "https://registry.npmjs.org/unbounded/-/unbounded-3.15.0.tgz",
      "integrity": "sha512-XqCeEuYLw2KNSUNyny+eUaJAKvhDc70gcRqyykLGWneD20Oj/olNp5nhfPzG2y74tmXGu240emTFj+Xndynhig=="
    },
    "universalify": {
      "version": "2.0.0",
      "resolved": "https://registry.npmjs.org/universalify/-/universalify-2.0.0.tgz",
      "integrity": "sha512-hAZsKq7Yy11Zu1DE0OzWjw7nnLZmJZYTDZZyEFHZdUhV8FkH5MCfoU1XMaxXovpyW5nq5scPqq0ZDP9Zyl04oQ=="
    },
    "watchr": {
      "version": "6.11.0",
      "resolved": "https://registry.npmjs.org/watchr/-/watchr-6.11.0.tgz",
      "integrity": "sha512-cOa2+BfmhpwlqHgDnTtIiraFOSSFMlnRLufGJItfTucZIKT80dV5/igo1GqDJ6a1IzM+/ghKtufvTMMmV2KCxQ==",
      "requires": {
        "eachr": "^4.5.0",
        "extendr": "^5.19.0",
        "ignorefs": "^3.17.0",
        "safefs": "^6.16.0",
        "scandirectory": "^6.16.0",
        "taskgroup": "^7.19.0"
      }
    },
    "ws": {
      "version": "8.9.0",
      "resolved": "https://registry.npmjs.org/ws/-/ws-8.9.0.tgz",
      "integrity": "sha512-Ja7nszREasGaYUYCI2k4lCKIRTt+y7XuqVoHR44YpI49TtryyqbqvDMn5eqfW7e6HzTukDRIsXqzVHScqRcafg==",
      "requires": {}
    }
  }
}
